
Microsoft Visual Studio Solution File, Format Version 12.00
# Visual Studio Version 17
VisualStudioVersion = 17.12.35728.132
MinimumVisualStudioVersion = 10.0.40219.1
Project("{FAE04EC0-301F-11D3-BF4B-00C04F79EFBC}") = "CritRDevEx.API", "CritRDevEx.API\CritRDevEx.API.csproj", "{58B9822F-0CCE-4816-BED3-A100A10DF685}"
EndProject
Project("{FAE04EC0-301F-11D3-BF4B-00C04F79EFBC}") = "CtritRDevEx.UnitTests", "CtritRDevEx.UnitTests\CtritRDevEx.UnitTests.csproj", "{32830B15-6344-4265-AF48-70F7115775BE}"
EndProject
Project("{FAE04EC0-301F-11D3-BF4B-00C04F79EFBC}") = "CtritRDevEx.IntegrationTests", "CtritRDevEx.IntegrationTests\CtritRDevEx.IntegrationTests.csproj", "{478F42BC-5484-4D74-9F47-CCAB9FAF1EA2}"
EndProject
Project("{FAE04EC0-301F-11D3-BF4B-00C04F79EFBC}") = "CritRDevEx.API.Contracts", "CritRDevEx.API.Contracts\CritRDevEx.API.Contracts.csproj", "{9D7CC3A0-457A-49CB-B7D7-D4A1A15EFA8D}"
EndProject
Project("{E53339B2-1760-4266-BCC7-CA923CBCF16C}") = "docker-compose", "docker-compose.dcproj", "{00100816-1E9D-46A0-B982-B99370840633}"
EndProject
Project("{2150E333-8FDC-42A3-9474-1A3956D46DE8}") = "Solution Items", "Solution Items", "{F926F2F9-ECB2-4FA1-BF28-5F96A7BC4675}"
	ProjectSection(SolutionItems) = preProject
		.gitignore = .gitignore
		Solution Items\feladatok.md.txt = Solution Items\feladatok.md.txt
	EndProjectSection
EndProject
Global
	GlobalSection(SolutionConfigurationPlatforms) = preSolution
		Debug|Any CPU = Debug|Any CPU
		Release|Any CPU = Release|Any CPU
	EndGlobalSection
	GlobalSection(ProjectConfigurationPlatforms) = postSolution
		{58B9822F-0CCE-4816-BED3-A100A10DF685}.Debug|Any CPU.ActiveCfg = Debug|Any CPU
		{58B9822F-0CCE-4816-BED3-A100A10DF685}.Debug|Any CPU.Build.0 = Debug|Any CPU
		{58B9822F-0CCE-4816-BED3-A100A10DF685}.Release|Any CPU.ActiveCfg = Release|Any CPU
		{58B9822F-0CCE-4816-BED3-A100A10DF685}.Release|Any CPU.Build.0 = Release|Any CPU
		{32830B15-6344-4265-AF48-70F7115775BE}.Debug|Any CPU.ActiveCfg = Debug|Any CPU
		{32830B15-6344-4265-AF48-70F7115775BE}.Debug|Any CPU.Build.0 = Debug|Any CPU
		{32830B15-6344-4265-AF48-70F7115775BE}.Release|Any CPU.ActiveCfg = Release|Any CPU
		{32830B15-6344-4265-AF48-70F7115775BE}.Release|Any CPU.Build.0 = Release|Any CPU
		{478F42BC-5484-4D74-9F47-CCAB9FAF1EA2}.Debug|Any CPU.ActiveCfg = Debug|Any CPU
		{478F42BC-5484-4D74-9F47-CCAB9FAF1EA2}.Debug|Any CPU.Build.0 = Debug|Any CPU
		{478F42BC-5484-4D74-9F47-CCAB9FAF1EA2}.Release|Any CPU.ActiveCfg = Release|Any CPU
		{478F42BC-5484-4D74-9F47-CCAB9FAF1EA2}.Release|Any CPU.Build.0 = Release|Any CPU
		{9D7CC3A0-457A-49CB-B7D7-D4A1A15EFA8D}.Debug|Any CPU.ActiveCfg = Debug|Any CPU
		{9D7CC3A0-457A-49CB-B7D7-D4A1A15EFA8D}.Debug|Any CPU.Build.0 = Debug|Any CPU
		{9D7CC3A0-457A-49CB-B7D7-D4A1A15EFA8D}.Release|Any CPU.ActiveCfg = Release|Any CPU
		{9D7CC3A0-457A-49CB-B7D7-D4A1A15EFA8D}.Release|Any CPU.Build.0 = Release|Any CPU
		{00100816-1E9D-46A0-B982-B99370840633}.Debug|Any CPU.ActiveCfg = Debug|Any CPU
		{00100816-1E9D-46A0-B982-B99370840633}.Debug|Any CPU.Build.0 = Debug|Any CPU
		{00100816-1E9D-46A0-B982-B99370840633}.Release|Any CPU.ActiveCfg = Release|Any CPU
		{00100816-1E9D-46A0-B982-B99370840633}.Release|Any CPU.Build.0 = Release|Any CPU
	EndGlobalSection
	GlobalSection(SolutionProperties) = preSolution
		HideSolutionNode = FALSE
	EndGlobalSection
EndGlobal
